
Microsoft Visual Studio Solution File, Format Version 12.00
# Visual Studio Version 17
VisualStudioVersion = 17.0.31903.59
MinimumVisualStudioVersion = 10.0.40219.1
Project("{2150E333-8FDC-42A3-9474-1A3956D46DE8}") = "src", "src", "{80810728-A06F-41B9-99F3-5E6CD1250127}"
EndProject
Project("{FAE04EC0-301F-11D3-BF4B-00C04F79EFBC}") = "Mess.Web", "src\Mess.Web\Mess.Web.csproj", "{D6EC15B8-1F91-4BC6-9108-1BC74E2FF428}"
EndProject
Project("{2150E333-8FDC-42A3-9474-1A3956D46DE8}") = "Mess.Modules", "Mess.Modules", "{2B0D55BD-ADCC-4A97-B1AC-3FB928D66D40}"
EndProject
Project("{FAE04EC0-301F-11D3-BF4B-00C04F79EFBC}") = "Mess.EventStore", "src\Mess.Modules\Mess.EventStore\Mess.EventStore.csproj", "{9FB0C941-2C29-4474-8A59-4A2E83C13EA1}"
EndProject
Project("{FAE04EC0-301F-11D3-BF4B-00C04F79EFBC}") = "Mess.Timeseries", "src\Mess.Modules\Mess.Timeseries\Mess.Timeseries.csproj", "{4D922804-5A44-4784-A875-92E56FDE64B7}"
EndProject
Project("{2150E333-8FDC-42A3-9474-1A3956D46DE8}") = "Mess.Themes", "Mess.Themes", "{B492CD32-8200-4886-A9C1-86FE5B8FBB97}"
EndProject
Project("{FAE04EC0-301F-11D3-BF4B-00C04F79EFBC}") = "Mess.Ozds", "src\Mess.Themes\Mess.Ozds\Mess.Ozds.csproj", "{F8BD23C9-7EA9-4A9D-AA35-E61D9734C2F1}"
EndProject
Project("{2150E333-8FDC-42A3-9474-1A3956D46DE8}") = "Mess.Abstractions", "Mess.Abstractions", "{32F64CF4-695D-493F-B2DC-6177ECDF0A84}"
EndProject
Project("{FAE04EC0-301F-11D3-BF4B-00C04F79EFBC}") = "Mess.EventStore.Abstractions", "src\Mess.Abstractions\Mess.EventStore.Abstractions\Mess.EventStore.Abstractions.csproj", "{27325C62-1FE3-4D21-A805-DB8EDE186940}"
EndProject
Project("{FAE04EC0-301F-11D3-BF4B-00C04F79EFBC}") = "Mess.Timeseries.Abstractions", "src\Mess.Abstractions\Mess.Timeseries.Abstractions\Mess.Timeseries.Abstractions.csproj", "{58A1CA13-C822-42DE-8149-B634A4544EF7}"
EndProject
Project("{FAE04EC0-301F-11D3-BF4B-00C04F79EFBC}") = "Mess.Tenants", "src\Mess.Abstractions\Mess.Tenants\Mess.Tenants.csproj", "{4974E45B-7799-4189-9902-069D41FA5307}"
EndProject
Project("{FAE04EC0-301F-11D3-BF4B-00C04F79EFBC}") = "Mess.OrchardCore", "src\Mess.Abstractions\Mess.OrchardCore\Mess.OrchardCore.csproj", "{CC2BAB8E-789E-4C90-8C37-AE4409A934C3}"
EndProject
Project("{FAE04EC0-301F-11D3-BF4B-00C04F79EFBC}") = "Mess.System", "src\Mess.Abstractions\Mess.System\Mess.System.csproj", "{8BB48271-E559-47CB-8BFE-124F8B2697CC}"
EndProject
Project("{2150E333-8FDC-42A3-9474-1A3956D46DE8}") = "test", "test", "{23F3ACB7-1FFB-4D0E-8652-377F98715C19}"
EndProject
Project("{2150E333-8FDC-42A3-9474-1A3956D46DE8}") = "Mess.Abstractions", "Mess.Abstractions", "{D0DF296D-9309-4659-A9C0-4833F4201BAA}"
EndProject
Project("{FAE04EC0-301F-11D3-BF4B-00C04F79EFBC}") = "Mess.Xunit", "test\Mess.Abstractions\Mess.Xunit\Mess.Xunit.csproj", "{D43BEC0B-0EFE-45D9-9271-7CADA8DF1C4D}"
EndProject
Project("{2150E333-8FDC-42A3-9474-1A3956D46DE8}") = "Mess.Modules", "Mess.Modules", "{FF60624F-4E18-4E33-A4EF-62DFECAF3C75}"
EndProject
Project("{FAE04EC0-301F-11D3-BF4B-00C04F79EFBC}") = "Mess.EventStore.Test", "test\Mess.Modules\Mess.EventStore.Test\Mess.EventStore.Test.csproj", "{510808D2-90FE-4844-AC97-C3BF26C98E3B}"
EndProject
Project("{FAE04EC0-301F-11D3-BF4B-00C04F79EFBC}") = "Mess.Timeseries.Test", "test\Mess.Modules\Mess.Timeseries.Test\Mess.Timeseries.Test.csproj", "{F8F8FB78-938D-4704-A82C-1559F57BA5B6}"
EndProject
Project("{FAE04EC0-301F-11D3-BF4B-00C04F79EFBC}") = "Mess.Chart", "src\Mess.Modules\Mess.Chart\Mess.Chart.csproj", "{F1598F81-70FE-4F21-9216-65F6B56EDC81}"
EndProject
Project("{FAE04EC0-301F-11D3-BF4B-00C04F79EFBC}") = "Mess.Chart.Abstractions", "src\Mess.Abstractions\Mess.Chart.Abstractions\Mess.Chart.Abstractions.csproj", "{EA07C61F-86D4-44E0-BE7A-845026645942}"
EndProject
Project("{FAE04EC0-301F-11D3-BF4B-00C04F79EFBC}") = "Mess.MeasurementDevice", "src\Mess.Modules\Mess.MeasurementDevice\Mess.MeasurementDevice.csproj", "{AF5327A0-19BC-4511-84D5-8898BCD5BBD6}"
EndProject
Global
	GlobalSection(SolutionConfigurationPlatforms) = preSolution
		Debug|Any CPU = Debug|Any CPU
		Release|Any CPU = Release|Any CPU
	EndGlobalSection
	GlobalSection(SolutionProperties) = preSolution
		HideSolutionNode = FALSE
	EndGlobalSection
	GlobalSection(ProjectConfigurationPlatforms) = postSolution
		{D6EC15B8-1F91-4BC6-9108-1BC74E2FF428}.Debug|Any CPU.ActiveCfg = Debug|Any CPU
		{D6EC15B8-1F91-4BC6-9108-1BC74E2FF428}.Debug|Any CPU.Build.0 = Debug|Any CPU
		{D6EC15B8-1F91-4BC6-9108-1BC74E2FF428}.Release|Any CPU.ActiveCfg = Release|Any CPU
		{D6EC15B8-1F91-4BC6-9108-1BC74E2FF428}.Release|Any CPU.Build.0 = Release|Any CPU
		{9FB0C941-2C29-4474-8A59-4A2E83C13EA1}.Debug|Any CPU.ActiveCfg = Debug|Any CPU
		{9FB0C941-2C29-4474-8A59-4A2E83C13EA1}.Debug|Any CPU.Build.0 = Debug|Any CPU
		{9FB0C941-2C29-4474-8A59-4A2E83C13EA1}.Release|Any CPU.ActiveCfg = Release|Any CPU
		{9FB0C941-2C29-4474-8A59-4A2E83C13EA1}.Release|Any CPU.Build.0 = Release|Any CPU
		{4D922804-5A44-4784-A875-92E56FDE64B7}.Debug|Any CPU.ActiveCfg = Debug|Any CPU
		{4D922804-5A44-4784-A875-92E56FDE64B7}.Debug|Any CPU.Build.0 = Debug|Any CPU
		{4D922804-5A44-4784-A875-92E56FDE64B7}.Release|Any CPU.ActiveCfg = Release|Any CPU
		{4D922804-5A44-4784-A875-92E56FDE64B7}.Release|Any CPU.Build.0 = Release|Any CPU
		{F8BD23C9-7EA9-4A9D-AA35-E61D9734C2F1}.Debug|Any CPU.ActiveCfg = Debug|Any CPU
		{F8BD23C9-7EA9-4A9D-AA35-E61D9734C2F1}.Debug|Any CPU.Build.0 = Debug|Any CPU
		{F8BD23C9-7EA9-4A9D-AA35-E61D9734C2F1}.Release|Any CPU.ActiveCfg = Release|Any CPU
		{F8BD23C9-7EA9-4A9D-AA35-E61D9734C2F1}.Release|Any CPU.Build.0 = Release|Any CPU
		{27325C62-1FE3-4D21-A805-DB8EDE186940}.Debug|Any CPU.ActiveCfg = Debug|Any CPU
		{27325C62-1FE3-4D21-A805-DB8EDE186940}.Debug|Any CPU.Build.0 = Debug|Any CPU
		{27325C62-1FE3-4D21-A805-DB8EDE186940}.Release|Any CPU.ActiveCfg = Release|Any CPU
		{27325C62-1FE3-4D21-A805-DB8EDE186940}.Release|Any CPU.Build.0 = Release|Any CPU
		{58A1CA13-C822-42DE-8149-B634A4544EF7}.Debug|Any CPU.ActiveCfg = Debug|Any CPU
		{58A1CA13-C822-42DE-8149-B634A4544EF7}.Debug|Any CPU.Build.0 = Debug|Any CPU
		{58A1CA13-C822-42DE-8149-B634A4544EF7}.Release|Any CPU.ActiveCfg = Release|Any CPU
		{58A1CA13-C822-42DE-8149-B634A4544EF7}.Release|Any CPU.Build.0 = Release|Any CPU
		{4974E45B-7799-4189-9902-069D41FA5307}.Debug|Any CPU.ActiveCfg = Debug|Any CPU
		{4974E45B-7799-4189-9902-069D41FA5307}.Debug|Any CPU.Build.0 = Debug|Any CPU
		{4974E45B-7799-4189-9902-069D41FA5307}.Release|Any CPU.ActiveCfg = Release|Any CPU
		{4974E45B-7799-4189-9902-069D41FA5307}.Release|Any CPU.Build.0 = Release|Any CPU
		{CC2BAB8E-789E-4C90-8C37-AE4409A934C3}.Debug|Any CPU.ActiveCfg = Debug|Any CPU
		{CC2BAB8E-789E-4C90-8C37-AE4409A934C3}.Debug|Any CPU.Build.0 = Debug|Any CPU
		{CC2BAB8E-789E-4C90-8C37-AE4409A934C3}.Release|Any CPU.ActiveCfg = Release|Any CPU
		{CC2BAB8E-789E-4C90-8C37-AE4409A934C3}.Release|Any CPU.Build.0 = Release|Any CPU
		{8BB48271-E559-47CB-8BFE-124F8B2697CC}.Debug|Any CPU.ActiveCfg = Debug|Any CPU
		{8BB48271-E559-47CB-8BFE-124F8B2697CC}.Debug|Any CPU.Build.0 = Debug|Any CPU
		{8BB48271-E559-47CB-8BFE-124F8B2697CC}.Release|Any CPU.ActiveCfg = Release|Any CPU
		{8BB48271-E559-47CB-8BFE-124F8B2697CC}.Release|Any CPU.Build.0 = Release|Any CPU
		{D43BEC0B-0EFE-45D9-9271-7CADA8DF1C4D}.Debug|Any CPU.ActiveCfg = Debug|Any CPU
		{D43BEC0B-0EFE-45D9-9271-7CADA8DF1C4D}.Debug|Any CPU.Build.0 = Debug|Any CPU
		{D43BEC0B-0EFE-45D9-9271-7CADA8DF1C4D}.Release|Any CPU.ActiveCfg = Release|Any CPU
		{D43BEC0B-0EFE-45D9-9271-7CADA8DF1C4D}.Release|Any CPU.Build.0 = Release|Any CPU
		{510808D2-90FE-4844-AC97-C3BF26C98E3B}.Debug|Any CPU.ActiveCfg = Debug|Any CPU
		{510808D2-90FE-4844-AC97-C3BF26C98E3B}.Debug|Any CPU.Build.0 = Debug|Any CPU
		{510808D2-90FE-4844-AC97-C3BF26C98E3B}.Release|Any CPU.ActiveCfg = Release|Any CPU
		{510808D2-90FE-4844-AC97-C3BF26C98E3B}.Release|Any CPU.Build.0 = Release|Any CPU
		{F8F8FB78-938D-4704-A82C-1559F57BA5B6}.Debug|Any CPU.ActiveCfg = Debug|Any CPU
		{F8F8FB78-938D-4704-A82C-1559F57BA5B6}.Debug|Any CPU.Build.0 = Debug|Any CPU
		{F8F8FB78-938D-4704-A82C-1559F57BA5B6}.Release|Any CPU.ActiveCfg = Release|Any CPU
		{F8F8FB78-938D-4704-A82C-1559F57BA5B6}.Release|Any CPU.Build.0 = Release|Any CPU
		{F1598F81-70FE-4F21-9216-65F6B56EDC81}.Debug|Any CPU.ActiveCfg = Debug|Any CPU
		{F1598F81-70FE-4F21-9216-65F6B56EDC81}.Debug|Any CPU.Build.0 = Debug|Any CPU
		{F1598F81-70FE-4F21-9216-65F6B56EDC81}.Release|Any CPU.ActiveCfg = Release|Any CPU
		{F1598F81-70FE-4F21-9216-65F6B56EDC81}.Release|Any CPU.Build.0 = Release|Any CPU
		{EA07C61F-86D4-44E0-BE7A-845026645942}.Debug|Any CPU.ActiveCfg = Debug|Any CPU
		{EA07C61F-86D4-44E0-BE7A-845026645942}.Debug|Any CPU.Build.0 = Debug|Any CPU
		{EA07C61F-86D4-44E0-BE7A-845026645942}.Release|Any CPU.ActiveCfg = Release|Any CPU
		{EA07C61F-86D4-44E0-BE7A-845026645942}.Release|Any CPU.Build.0 = Release|Any CPU
		{AF5327A0-19BC-4511-84D5-8898BCD5BBD6}.Debug|Any CPU.ActiveCfg = Debug|Any CPU
		{AF5327A0-19BC-4511-84D5-8898BCD5BBD6}.Debug|Any CPU.Build.0 = Debug|Any CPU
		{AF5327A0-19BC-4511-84D5-8898BCD5BBD6}.Release|Any CPU.ActiveCfg = Release|Any CPU
		{AF5327A0-19BC-4511-84D5-8898BCD5BBD6}.Release|Any CPU.Build.0 = Release|Any CPU
	EndGlobalSection
	GlobalSection(NestedProjects) = preSolution
		{D6EC15B8-1F91-4BC6-9108-1BC74E2FF428} = {80810728-A06F-41B9-99F3-5E6CD1250127}
		{2B0D55BD-ADCC-4A97-B1AC-3FB928D66D40} = {80810728-A06F-41B9-99F3-5E6CD1250127}
		{9FB0C941-2C29-4474-8A59-4A2E83C13EA1} = {2B0D55BD-ADCC-4A97-B1AC-3FB928D66D40}
		{4D922804-5A44-4784-A875-92E56FDE64B7} = {2B0D55BD-ADCC-4A97-B1AC-3FB928D66D40}
		{B492CD32-8200-4886-A9C1-86FE5B8FBB97} = {80810728-A06F-41B9-99F3-5E6CD1250127}
		{F8BD23C9-7EA9-4A9D-AA35-E61D9734C2F1} = {B492CD32-8200-4886-A9C1-86FE5B8FBB97}
		{32F64CF4-695D-493F-B2DC-6177ECDF0A84} = {80810728-A06F-41B9-99F3-5E6CD1250127}
		{27325C62-1FE3-4D21-A805-DB8EDE186940} = {32F64CF4-695D-493F-B2DC-6177ECDF0A84}
		{58A1CA13-C822-42DE-8149-B634A4544EF7} = {32F64CF4-695D-493F-B2DC-6177ECDF0A84}
		{4974E45B-7799-4189-9902-069D41FA5307} = {32F64CF4-695D-493F-B2DC-6177ECDF0A84}
		{CC2BAB8E-789E-4C90-8C37-AE4409A934C3} = {32F64CF4-695D-493F-B2DC-6177ECDF0A84}
		{8BB48271-E559-47CB-8BFE-124F8B2697CC} = {32F64CF4-695D-493F-B2DC-6177ECDF0A84}
		{D0DF296D-9309-4659-A9C0-4833F4201BAA} = {23F3ACB7-1FFB-4D0E-8652-377F98715C19}
		{D43BEC0B-0EFE-45D9-9271-7CADA8DF1C4D} = {D0DF296D-9309-4659-A9C0-4833F4201BAA}
		{FF60624F-4E18-4E33-A4EF-62DFECAF3C75} = {23F3ACB7-1FFB-4D0E-8652-377F98715C19}
		{510808D2-90FE-4844-AC97-C3BF26C98E3B} = {FF60624F-4E18-4E33-A4EF-62DFECAF3C75}
		{F8F8FB78-938D-4704-A82C-1559F57BA5B6} = {FF60624F-4E18-4E33-A4EF-62DFECAF3C75}
		{F1598F81-70FE-4F21-9216-65F6B56EDC81} = {2B0D55BD-ADCC-4A97-B1AC-3FB928D66D40}
		{EA07C61F-86D4-44E0-BE7A-845026645942} = {32F64CF4-695D-493F-B2DC-6177ECDF0A84}
		{AF5327A0-19BC-4511-84D5-8898BCD5BBD6} = {2B0D55BD-ADCC-4A97-B1AC-3FB928D66D40}
	EndGlobalSection
EndGlobal
